
Microsoft Visual Studio Solution File, Format Version 12.00
# Visual Studio Version 16
VisualStudioVersion = 16.0.31729.503
MinimumVisualStudioVersion = 10.0.40219.1
Project("{9A19103F-16F7-4668-BE54-9A1E7A4F7556}") = "ExpenseManagement.WebService", "ExpenseManagement.WebService\ExpenseManagement.WebService.csproj", "{31EE5CAD-97DD-41B3-81F0-B514B8DDF38C}"
EndProject
Project("{FAE04EC0-301F-11D3-BF4B-00C04F79EFBC}") = "ExpenseManagement.Data", "ExpenseManagement.Data\ExpenseManagement.Data.csproj", "{A6EF7044-DC0D-4373-A726-4CE30C274502}"
EndProject
Global
	GlobalSection(SolutionConfigurationPlatforms) = preSolution
		Debug|Any CPU = Debug|Any CPU
		Release|Any CPU = Release|Any CPU
	EndGlobalSection
	GlobalSection(ProjectConfigurationPlatforms) = postSolution
		{31EE5CAD-97DD-41B3-81F0-B514B8DDF38C}.Debug|Any CPU.ActiveCfg = Debug|Any CPU
		{31EE5CAD-97DD-41B3-81F0-B514B8DDF38C}.Debug|Any CPU.Build.0 = Debug|Any CPU
		{31EE5CAD-97DD-41B3-81F0-B514B8DDF38C}.Release|Any CPU.ActiveCfg = Release|Any CPU
		{31EE5CAD-97DD-41B3-81F0-B514B8DDF38C}.Release|Any CPU.Build.0 = Release|Any CPU
		{A6EF7044-DC0D-4373-A726-4CE30C274502}.Debug|Any CPU.ActiveCfg = Debug|Any CPU
		{A6EF7044-DC0D-4373-A726-4CE30C274502}.Debug|Any CPU.Build.0 = Debug|Any CPU
		{A6EF7044-DC0D-4373-A726-4CE30C274502}.Release|Any CPU.ActiveCfg = Release|Any CPU
		{A6EF7044-DC0D-4373-A726-4CE30C274502}.Release|Any CPU.Build.0 = Release|Any CPU
	EndGlobalSection
	GlobalSection(SolutionProperties) = preSolution
		HideSolutionNode = FALSE
	EndGlobalSection
	GlobalSection(ExtensibilityGlobals) = postSolution
		SolutionGuid = {C639A100-2B2F-4F19-B362-7FBFBF10E8F5}
	EndGlobalSection
EndGlobal
